// !$*UTF8*$!
{
	archiveVersion = 1;
	classes = {
	};
	objectVersion = 50;
	objects = {

/* Begin PBXBuildFile section */
		3BFDEBE120857B7900ECCA92 /* AppDelegate.swift in Sources */ = {isa = PBXBuildFile; fileRef = 3BFDEBE020857B7900ECCA92 /* AppDelegate.swift */; };
		3BFDEBE320857B7900ECCA92 /* ViewController.swift in Sources */ = {isa = PBXBuildFile; fileRef = 3BFDEBE220857B7900ECCA92 /* ViewController.swift */; };
		3BFDEBE620857B7900ECCA92 /* Main.storyboard in Resources */ = {isa = PBXBuildFile; fileRef = 3BFDEBE420857B7900ECCA92 /* Main.storyboard */; };
		3BFDEBE820857B7B00ECCA92 /* Assets.xcassets in Resources */ = {isa = PBXBuildFile; fileRef = 3BFDEBE720857B7B00ECCA92 /* Assets.xcassets */; };
		3BFDEBEB20857B7B00ECCA92 /* LaunchScreen.storyboard in Resources */ = {isa = PBXBuildFile; fileRef = 3BFDEBE920857B7B00ECCA92 /* LaunchScreen.storyboard */; };
		3BFDEBF620857B7B00ECCA92 /* MeetingRoomsTests.swift in Sources */ = {isa = PBXBuildFile; fileRef = 3BFDEBF520857B7B00ECCA92 /* MeetingRoomsTests.swift */; };
		3BFDEC0120857B7B00ECCA92 /* MeetingRoomsUITests.swift in Sources */ = {isa = PBXBuildFile; fileRef = 3BFDEC0020857B7B00ECCA92 /* MeetingRoomsUITests.swift */; };
/* End PBXBuildFile section */

/* Begin PBXContainerItemProxy section */
		3BFDEBF220857B7B00ECCA92 /* PBXContainerItemProxy */ = {
			isa = PBXContainerItemProxy;
			containerPortal = 3BFDEBD520857B7900ECCA92 /* Project object */;
			proxyType = 1;
			remoteGlobalIDString = 3BFDEBDC20857B7900ECCA92;
			remoteInfo = MeetingRooms;
		};
		3BFDEBFD20857B7B00ECCA92 /* PBXContainerItemProxy */ = {
			isa = PBXContainerItemProxy;
			containerPortal = 3BFDEBD520857B7900ECCA92 /* Project object */;
			proxyType = 1;
			remoteGlobalIDString = 3BFDEBDC20857B7900ECCA92;
			remoteInfo = MeetingRooms;
		};
/* End PBXContainerItemProxy section */

/* Begin PBXFileReference section */
		3BFDEBDD20857B7900ECCA92 /* MeetingRooms.app */ = {isa = PBXFileReference; explicitFileType = wrapper.application; includeInIndex = 0; path = MeetingRooms.app; sourceTree = BUILT_PRODUCTS_DIR; };
		3BFDEBE020857B7900ECCA92 /* AppDelegate.swift */ = {isa = PBXFileReference; lastKnownFileType = sourcecode.swift; path = AppDelegate.swift; sourceTree = "<group>"; };
		3BFDEBE220857B7900ECCA92 /* ViewController.swift */ = {isa = PBXFileReference; lastKnownFileType = sourcecode.swift; path = ViewController.swift; sourceTree = "<group>"; };
		3BFDEBE520857B7900ECCA92 /* Base */ = {isa = PBXFileReference; lastKnownFileType = file.storyboard; name = Base; path = Base.lproj/Main.storyboard; sourceTree = "<group>"; };
		3BFDEBE720857B7B00ECCA92 /* Assets.xcassets */ = {isa = PBXFileReference; lastKnownFileType = folder.assetcatalog; path = Assets.xcassets; sourceTree = "<group>"; };
		3BFDEBEA20857B7B00ECCA92 /* Base */ = {isa = PBXFileReference; lastKnownFileType = file.storyboard; name = Base; path = Base.lproj/LaunchScreen.storyboard; sourceTree = "<group>"; };
		3BFDEBEC20857B7B00ECCA92 /* Info.plist */ = {isa = PBXFileReference; lastKnownFileType = text.plist.xml; path = Info.plist; sourceTree = "<group>"; };
		3BFDEBF120857B7B00ECCA92 /* MeetingRoomsTests.xctest */ = {isa = PBXFileReference; explicitFileType = wrapper.cfbundle; includeInIndex = 0; path = MeetingRoomsTests.xctest; sourceTree = BUILT_PRODUCTS_DIR; };
		3BFDEBF520857B7B00ECCA92 /* MeetingRoomsTests.swift */ = {isa = PBXFileReference; lastKnownFileType = sourcecode.swift; path = MeetingRoomsTests.swift; sourceTree = "<group>"; };
		3BFDEBF720857B7B00ECCA92 /* Info.plist */ = {isa = PBXFileReference; lastKnownFileType = text.plist.xml; path = Info.plist; sourceTree = "<group>"; };
		3BFDEBFC20857B7B00ECCA92 /* MeetingRoomsUITests.xctest */ = {isa = PBXFileReference; explicitFileType = wrapper.cfbundle; includeInIndex = 0; path = MeetingRoomsUITests.xctest; sourceTree = BUILT_PRODUCTS_DIR; };
		3BFDEC0020857B7B00ECCA92 /* MeetingRoomsUITests.swift */ = {isa = PBXFileReference; lastKnownFileType = sourcecode.swift; path = MeetingRoomsUITests.swift; sourceTree = "<group>"; };
		3BFDEC0220857B7B00ECCA92 /* Info.plist */ = {isa = PBXFileReference; lastKnownFileType = text.plist.xml; path = Info.plist; sourceTree = "<group>"; };
/* End PBXFileReference section */

/* Begin PBXFrameworksBuildPhase section */
		3BFDEBDA20857B7900ECCA92 /* Frameworks */ = {
			isa = PBXFrameworksBuildPhase;
			buildActionMask = 2147483647;
			files = (
			);
			runOnlyForDeploymentPostprocessing = 0;
		};
		3BFDEBEE20857B7B00ECCA92 /* Frameworks */ = {
			isa = PBXFrameworksBuildPhase;
			buildActionMask = 2147483647;
			files = (
			);
			runOnlyForDeploymentPostprocessing = 0;
		};
		3BFDEBF920857B7B00ECCA92 /* Frameworks */ = {
			isa = PBXFrameworksBuildPhase;
			buildActionMask = 2147483647;
			files = (
			);
			runOnlyForDeploymentPostprocessing = 0;
		};
/* End PBXFrameworksBuildPhase section */

/* Begin PBXGroup section */
		3BFDEBD420857B7900ECCA92 = {
			isa = PBXGroup;
			children = (
				3BFDEBDF20857B7900ECCA92 /* MeetingRooms */,
				3BFDEBF420857B7B00ECCA92 /* MeetingRoomsTests */,
				3BFDEBFF20857B7B00ECCA92 /* MeetingRoomsUITests */,
				3BFDEBDE20857B7900ECCA92 /* Products */,
			);
			sourceTree = "<group>";
		};
		3BFDEBDE20857B7900ECCA92 /* Products */ = {
			isa = PBXGroup;
			children = (
				3BFDEBDD20857B7900ECCA92 /* MeetingRooms.app */,
				3BFDEBF120857B7B00ECCA92 /* MeetingRoomsTests.xctest */,
				3BFDEBFC20857B7B00ECCA92 /* MeetingRoomsUITests.xctest */,
			);
			name = Products;
			sourceTree = "<group>";
		};
		3BFDEBDF20857B7900ECCA92 /* MeetingRooms */ = {
			isa = PBXGroup;
			children = (
				3BFDEBE020857B7900ECCA92 /* AppDelegate.swift */,
				3BFDEBE220857B7900ECCA92 /* ViewController.swift */,
				3BFDEBE420857B7900ECCA92 /* Main.storyboard */,
				3BFDEBE720857B7B00ECCA92 /* Assets.xcassets */,
				3BFDEBE920857B7B00ECCA92 /* LaunchScreen.storyboard */,
				3BFDEBEC20857B7B00ECCA92 /* Info.plist */,
			);
			path = MeetingRooms;
			sourceTree = "<group>";
		};
		3BFDEBF420857B7B00ECCA92 /* MeetingRoomsTests */ = {
			isa = PBXGroup;
			children = (
				3BFDEBF520857B7B00ECCA92 /* MeetingRoomsTests.swift */,
				3BFDEBF720857B7B00ECCA92 /* Info.plist */,
			);
			path = MeetingRoomsTests;
			sourceTree = "<group>";
		};
		3BFDEBFF20857B7B00ECCA92 /* MeetingRoomsUITests */ = {
			isa = PBXGroup;
			children = (
				3BFDEC0020857B7B00ECCA92 /* MeetingRoomsUITests.swift */,
				3BFDEC0220857B7B00ECCA92 /* Info.plist */,
			);
			path = MeetingRoomsUITests;
			sourceTree = "<group>";
		};
/* End PBXGroup section */

/* Begin PBXNativeTarget section */
		3BFDEBDC20857B7900ECCA92 /* MeetingRooms */ = {
			isa = PBXNativeTarget;
			buildConfigurationList = 3BFDEC0520857B7B00ECCA92 /* Build configuration list for PBXNativeTarget "MeetingRooms" */;
			buildPhases = (
				3BFDEBD920857B7900ECCA92 /* Sources */,
				3BFDEBDA20857B7900ECCA92 /* Frameworks */,
				3BFDEBDB20857B7900ECCA92 /* Resources */,
			);
			buildRules = (
			);
			dependencies = (
			);
			name = MeetingRooms;
			productName = MeetingRooms;
			productReference = 3BFDEBDD20857B7900ECCA92 /* MeetingRooms.app */;
			productType = "com.apple.product-type.application";
		};
		3BFDEBF020857B7B00ECCA92 /* MeetingRoomsTests */ = {
			isa = PBXNativeTarget;
			buildConfigurationList = 3BFDEC0820857B7C00ECCA92 /* Build configuration list for PBXNativeTarget "MeetingRoomsTests" */;
			buildPhases = (
				3BFDEBED20857B7B00ECCA92 /* Sources */,
				3BFDEBEE20857B7B00ECCA92 /* Frameworks */,
				3BFDEBEF20857B7B00ECCA92 /* Resources */,
			);
			buildRules = (
			);
			dependencies = (
				3BFDEBF320857B7B00ECCA92 /* PBXTargetDependency */,
			);
			name = MeetingRoomsTests;
			productName = MeetingRoomsTests;
			productReference = 3BFDEBF120857B7B00ECCA92 /* MeetingRoomsTests.xctest */;
			productType = "com.apple.product-type.bundle.unit-test";
		};
		3BFDEBFB20857B7B00ECCA92 /* MeetingRoomsUITests */ = {
			isa = PBXNativeTarget;
			buildConfigurationList = 3BFDEC0B20857B7C00ECCA92 /* Build configuration list for PBXNativeTarget "MeetingRoomsUITests" */;
			buildPhases = (
				3BFDEBF820857B7B00ECCA92 /* Sources */,
				3BFDEBF920857B7B00ECCA92 /* Frameworks */,
				3BFDEBFA20857B7B00ECCA92 /* Resources */,
			);
			buildRules = (
			);
			dependencies = (
				3BFDEBFE20857B7B00ECCA92 /* PBXTargetDependency */,
			);
			name = MeetingRoomsUITests;
			productName = MeetingRoomsUITests;
			productReference = 3BFDEBFC20857B7B00ECCA92 /* MeetingRoomsUITests.xctest */;
			productType = "com.apple.product-type.bundle.ui-testing";
		};
/* End PBXNativeTarget section */

/* Begin PBXProject section */
		3BFDEBD520857B7900ECCA92 /* Project object */ = {
			isa = PBXProject;
			attributes = {
				LastSwiftUpdateCheck = 0930;
				LastUpgradeCheck = 0930;
				ORGANIZATIONNAME = "YunHee Lee";
				TargetAttributes = {
					3BFDEBDC20857B7900ECCA92 = {
						CreatedOnToolsVersion = 9.3;
					};
					3BFDEBF020857B7B00ECCA92 = {
						CreatedOnToolsVersion = 9.3;
						TestTargetID = 3BFDEBDC20857B7900ECCA92;
					};
					3BFDEBFB20857B7B00ECCA92 = {
						CreatedOnToolsVersion = 9.3;
						TestTargetID = 3BFDEBDC20857B7900ECCA92;
					};
				};
			};
			buildConfigurationList = 3BFDEBD820857B7900ECCA92 /* Build configuration list for PBXProject "MeetingRooms" */;
			compatibilityVersion = "Xcode 9.3";
			developmentRegion = en;
			hasScannedForEncodings = 0;
			knownRegions = (
				en,
				Base,
			);
			mainGroup = 3BFDEBD420857B7900ECCA92;
			productRefGroup = 3BFDEBDE20857B7900ECCA92 /* Products */;
			projectDirPath = "";
			projectRoot = "";
			targets = (
				3BFDEBDC20857B7900ECCA92 /* MeetingRooms */,
				3BFDEBF020857B7B00ECCA92 /* MeetingRoomsTests */,
				3BFDEBFB20857B7B00ECCA92 /* MeetingRoomsUITests */,
			);
		};
/* End PBXProject section */

/* Begin PBXResourcesBuildPhase section */
		3BFDEBDB20857B7900ECCA92 /* Resources */ = {
			isa = PBXResourcesBuildPhase;
			buildActionMask = 2147483647;
			files = (
				3BFDEBEB20857B7B00ECCA92 /* LaunchScreen.storyboard in Resources */,
				3BFDEBE820857B7B00ECCA92 /* Assets.xcassets in Resources */,
				3BFDEBE620857B7900ECCA92 /* Main.storyboard in Resources */,
			);
			runOnlyForDeploymentPostprocessing = 0;
		};
		3BFDEBEF20857B7B00ECCA92 /* Resources */ = {
			isa = PBXResourcesBuildPhase;
			buildActionMask = 2147483647;
			files = (
			);
			runOnlyForDeploymentPostprocessing = 0;
		};
		3BFDEBFA20857B7B00ECCA92 /* Resources */ = {
			isa = PBXResourcesBuildPhase;
			buildActionMask = 2147483647;
			files = (
			);
			runOnlyForDeploymentPostprocessing = 0;
		};
/* End PBXResourcesBuildPhase section */

/* Begin PBXSourcesBuildPhase section */
		3BFDEBD920857B7900ECCA92 /* Sources */ = {
			isa = PBXSourcesBuildPhase;
			buildActionMask = 2147483647;
			files = (
				3BFDEBE320857B7900ECCA92 /* ViewController.swift in Sources */,
				3BFDEBE120857B7900ECCA92 /* AppDelegate.swift in Sources */,
			);
			runOnlyForDeploymentPostprocessing = 0;
		};
		3BFDEBED20857B7B00ECCA92 /* Sources */ = {
			isa = PBXSourcesBuildPhase;
			buildActionMask = 2147483647;
			files = (
				3BFDEBF620857B7B00ECCA92 /* MeetingRoomsTests.swift in Sources */,
			);
			runOnlyForDeploymentPostprocessing = 0;
		};
		3BFDEBF820857B7B00ECCA92 /* Sources */ = {
			isa = PBXSourcesBuildPhase;
			buildActionMask = 2147483647;
			files = (
				3BFDEC0120857B7B00ECCA92 /* MeetingRoomsUITests.swift in Sources */,
			);
			runOnlyForDeploymentPostprocessing = 0;
		};
/* End PBXSourcesBuildPhase section */

/* Begin PBXTargetDependency section */
		3BFDEBF320857B7B00ECCA92 /* PBXTargetDependency */ = {
			isa = PBXTargetDependency;
			target = 3BFDEBDC20857B7900ECCA92 /* MeetingRooms */;
			targetProxy = 3BFDEBF220857B7B00ECCA92 /* PBXContainerItemProxy */;
		};
		3BFDEBFE20857B7B00ECCA92 /* PBXTargetDependency */ = {
			isa = PBXTargetDependency;
			target = 3BFDEBDC20857B7900ECCA92 /* MeetingRooms */;
			targetProxy = 3BFDEBFD20857B7B00ECCA92 /* PBXContainerItemProxy */;
		};
/* End PBXTargetDependency section */

/* Begin PBXVariantGroup section */
		3BFDEBE420857B7900ECCA92 /* Main.storyboard */ = {
			isa = PBXVariantGroup;
			children = (
				3BFDEBE520857B7900ECCA92 /* Base */,
			);
			name = Main.storyboard;
			sourceTree = "<group>";
		};
		3BFDEBE920857B7B00ECCA92 /* LaunchScreen.storyboard */ = {
			isa = PBXVariantGroup;
			children = (
				3BFDEBEA20857B7B00ECCA92 /* Base */,
			);
			name = LaunchScreen.storyboard;
			sourceTree = "<group>";
		};
/* End PBXVariantGroup section */

/* Begin XCBuildConfiguration section */
		3BFDEC0320857B7B00ECCA92 /* Debug */ = {
			isa = XCBuildConfiguration;
			buildSettings = {
				ALWAYS_SEARCH_USER_PATHS = NO;
				CLANG_ANALYZER_NONNULL = YES;
				CLANG_ANALYZER_NUMBER_OBJECT_CONVERSION = YES_AGGRESSIVE;
				CLANG_CXX_LANGUAGE_STANDARD = "gnu++14";
				CLANG_CXX_LIBRARY = "libc++";
				CLANG_ENABLE_MODULES = YES;
				CLANG_ENABLE_OBJC_ARC = YES;
				CLANG_ENABLE_OBJC_WEAK = YES;
				CLANG_WARN_BLOCK_CAPTURE_AUTORELEASING = YES;
				CLANG_WARN_BOOL_CONVERSION = YES;
				CLANG_WARN_COMMA = YES;
				CLANG_WARN_CONSTANT_CONVERSION = YES;
				CLANG_WARN_DEPRECATED_OBJC_IMPLEMENTATIONS = YES;
				CLANG_WARN_DIRECT_OBJC_ISA_USAGE = YES_ERROR;
				CLANG_WARN_DOCUMENTATION_COMMENTS = YES;
				CLANG_WARN_EMPTY_BODY = YES;
				CLANG_WARN_ENUM_CONVERSION = YES;
				CLANG_WARN_INFINITE_RECURSION = YES;
				CLANG_WARN_INT_CONVERSION = YES;
				CLANG_WARN_NON_LITERAL_NULL_CONVERSION = YES;
				CLANG_WARN_OBJC_IMPLICIT_RETAIN_SELF = YES;
				CLANG_WARN_OBJC_LITERAL_CONVERSION = YES;
				CLANG_WARN_OBJC_ROOT_CLASS = YES_ERROR;
				CLANG_WARN_RANGE_LOOP_ANALYSIS = YES;
				CLANG_WARN_STRICT_PROTOTYPES = YES;
				CLANG_WARN_SUSPICIOUS_MOVE = YES;
				CLANG_WARN_UNGUARDED_AVAILABILITY = YES_AGGRESSIVE;
				CLANG_WARN_UNREACHABLE_CODE = YES;
				CLANG_WARN__DUPLICATE_METHOD_MATCH = YES;
				CODE_SIGN_IDENTITY = "iPhone Developer";
				COPY_PHASE_STRIP = NO;
				DEBUG_INFORMATION_FORMAT = dwarf;
				ENABLE_STRICT_OBJC_MSGSEND = YES;
				ENABLE_TESTABILITY = YES;
				GCC_C_LANGUAGE_STANDARD = gnu11;
				GCC_DYNAMIC_NO_PIC = NO;
				GCC_NO_COMMON_BLOCKS = YES;
				GCC_OPTIMIZATION_LEVEL = 0;
				GCC_PREPROCESSOR_DEFINITIONS = (
					"DEBUG=1",
					"$(inherited)",
				);
				GCC_WARN_64_TO_32_BIT_CONVERSION = YES;
				GCC_WARN_ABOUT_RETURN_TYPE = YES_ERROR;
				GCC_WARN_UNDECLARED_SELECTOR = YES;
				GCC_WARN_UNINITIALIZED_AUTOS = YES_AGGRESSIVE;
				GCC_WARN_UNUSED_FUNCTION = YES;
				GCC_WARN_UNUSED_VARIABLE = YES;
				IPHONEOS_DEPLOYMENT_TARGET = 11.3;
				MTL_ENABLE_DEBUG_INFO = YES;
				ONLY_ACTIVE_ARCH = YES;
				SDKROOT = iphoneos;
				SWIFT_ACTIVE_COMPILATION_CONDITIONS = DEBUG;
				SWIFT_OPTIMIZATION_LEVEL = "-Onone";
			};
			name = Debug;
		};
		3BFDEC0420857B7B00ECCA92 /* Release */ = {
			isa = XCBuildConfiguration;
			buildSettings = {
				ALWAYS_SEARCH_USER_PATHS = NO;
				CLANG_ANALYZER_NONNULL = YES;
				CLANG_ANALYZER_NUMBER_OBJECT_CONVERSION = YES_AGGRESSIVE;
				CLANG_CXX_LANGUAGE_STANDARD = "gnu++14";
				CLANG_CXX_LIBRARY = "libc++";
				CLANG_ENABLE_MODULES = YES;
				CLANG_ENABLE_OBJC_ARC = YES;
				CLANG_ENABLE_OBJC_WEAK = YES;
				CLANG_WARN_BLOCK_CAPTURE_AUTORELEASING = YES;
				CLANG_WARN_BOOL_CONVERSION = YES;
				CLANG_WARN_COMMA = YES;
				CLANG_WARN_CONSTANT_CONVERSION = YES;
				CLANG_WARN_DEPRECATED_OBJC_IMPLEMENTATIONS = YES;
				CLANG_WARN_DIRECT_OBJC_ISA_USAGE = YES_ERROR;
				CLANG_WARN_DOCUMENTATION_COMMENTS = YES;
				CLANG_WARN_EMPTY_BODY = YES;
				CLANG_WARN_ENUM_CONVERSION = YES;
				CLANG_WARN_INFINITE_RECURSION = YES;
				CLANG_WARN_INT_CONVERSION = YES;
				CLANG_WARN_NON_LITERAL_NULL_CONVERSION = YES;
				CLANG_WARN_OBJC_IMPLICIT_RETAIN_SELF = YES;
				CLANG_WARN_OBJC_LITERAL_CONVERSION = YES;
				CLANG_WARN_OBJC_ROOT_CLASS = YES_ERROR;
				CLANG_WARN_RANGE_LOOP_ANALYSIS = YES;
				CLANG_WARN_STRICT_PROTOTYPES = YES;
				CLANG_WARN_SUSPICIOUS_MOVE = YES;
				CLANG_WARN_UNGUARDED_AVAILABILITY = YES_AGGRESSIVE;
				CLANG_WARN_UNREACHABLE_CODE = YES;
				CLANG_WARN__DUPLICATE_METHOD_MATCH = YES;
				CODE_SIGN_IDENTITY = "iPhone Developer";
				COPY_PHASE_STRIP = NO;
				DEBUG_INFORMATION_FORMAT = "dwarf-with-dsym";
				ENABLE_NS_ASSERTIONS = NO;
				ENABLE_STRICT_OBJC_MSGSEND = YES;
				GCC_C_LANGUAGE_STANDARD = gnu11;
				GCC_NO_COMMON_BLOCKS = YES;
				GCC_WARN_64_TO_32_BIT_CONVERSION = YES;
				GCC_WARN_ABOUT_RETURN_TYPE = YES_ERROR;
				GCC_WARN_UNDECLARED_SELECTOR = YES;
				GCC_WARN_UNINITIALIZED_AUTOS = YES_AGGRESSIVE;
				GCC_WARN_UNUSED_FUNCTION = YES;
				GCC_WARN_UNUSED_VARIABLE = YES;
				IPHONEOS_DEPLOYMENT_TARGET = 11.3;
				MTL_ENABLE_DEBUG_INFO = NO;
				SDKROOT = iphoneos;
				SWIFT_COMPILATION_MODE = wholemodule;
				SWIFT_OPTIMIZATION_LEVEL = "-O";
				VALIDATE_PRODUCT = YES;
			};
			name = Release;
		};
		3BFDEC0620857B7B00ECCA92 /* Debug */ = {
			isa = XCBuildConfiguration;
			buildSettings = {
				ASSETCATALOG_COMPILER_APPICON_NAME = AppIcon;
				CODE_SIGN_STYLE = Automatic;
				INFOPLIST_FILE = MeetingRooms/Info.plist;
				LD_RUNPATH_SEARCH_PATHS = (
					"$(inherited)",
					"@executable_path/Frameworks",
				);
				PRODUCT_BUNDLE_IDENTIFIER = com.cordershigh.MeetingRooms;
				PRODUCT_NAME = "$(TARGET_NAME)";
				SWIFT_VERSION = 4.0;
				TARGETED_DEVICE_FAMILY = "1,2";
			};
			name = Debug;
		};
		3BFDEC0720857B7B00ECCA92 /* Release */ = {
			isa = XCBuildConfiguration;
			buildSettings = {
				ASSETCATALOG_COMPILER_APPICON_NAME = AppIcon;
				CODE_SIGN_STYLE = Automatic;
				INFOPLIST_FILE = MeetingRooms/Info.plist;
				LD_RUNPATH_SEARCH_PATHS = (
					"$(inherited)",
					"@executable_path/Frameworks",
				);
				PRODUCT_BUNDLE_IDENTIFIER = com.cordershigh.MeetingRooms;
				PRODUCT_NAME = "$(TARGET_NAME)";
				SWIFT_VERSION = 4.0;
				TARGETED_DEVICE_FAMILY = "1,2";
			};
			name = Release;
		};
		3BFDEC0920857B7C00ECCA92 /* Debug */ = {
			isa = XCBuildConfiguration;
			buildSettings = {
				ALWAYS_EMBED_SWIFT_STANDARD_LIBRARIES = YES;
				BUNDLE_LOADER = "$(TEST_HOST)";
				CODE_SIGN_STYLE = Automatic;
				INFOPLIST_FILE = MeetingRoomsTests/Info.plist;
				LD_RUNPATH_SEARCH_PATHS = (
					"$(inherited)",
					"@executable_path/Frameworks",
					"@loader_path/Frameworks",
				);
				PRODUCT_BUNDLE_IDENTIFIER = com.cordershigh.MeetingRoomsTests;
				PRODUCT_NAME = "$(TARGET_NAME)";
				SWIFT_VERSION = 4.0;
				TARGETED_DEVICE_FAMILY = "1,2";
				TEST_HOST = "$(BUILT_PRODUCTS_DIR)/MeetingRooms.app/MeetingRooms";
			};
			name = Debug;
		};
		3BFDEC0A20857B7C00ECCA92 /* Release */ = {
			isa = XCBuildConfiguration;
			buildSettings = {
				ALWAYS_EMBED_SWIFT_STANDARD_LIBRARIES = YES;
				BUNDLE_LOADER = "$(TEST_HOST)";
				CODE_SIGN_STYLE = Automatic;
				INFOPLIST_FILE = MeetingRoomsTests/Info.plist;
				LD_RUNPATH_SEARCH_PATHS = (
					"$(inherited)",
					"@executable_path/Frameworks",
					"@loader_path/Frameworks",
				);
				PRODUCT_BUNDLE_IDENTIFIER = com.cordershigh.MeetingRoomsTests;
				PRODUCT_NAME = "$(TARGET_NAME)";
				SWIFT_VERSION = 4.0;
				TARGETED_DEVICE_FAMILY = "1,2";
				TEST_HOST = "$(BUILT_PRODUCTS_DIR)/MeetingRooms.app/MeetingRooms";
			};
			name = Release;
		};
		3BFDEC0C20857B7C00ECCA92 /* Debug */ = {
			isa = XCBuildConfiguration;
			buildSettings = {
				ALWAYS_EMBED_SWIFT_STANDARD_LIBRARIES = YES;
				CODE_SIGN_STYLE = Automatic;
				INFOPLIST_FILE = MeetingRoomsUITests/Info.plist;
				LD_RUNPATH_SEARCH_PATHS = (
					"$(inherited)",
					"@executable_path/Frameworks",
					"@loader_path/Frameworks",
				);
				PRODUCT_BUNDLE_IDENTIFIER = com.cordershigh.MeetingRoomsUITests;
				PRODUCT_NAME = "$(TARGET_NAME)";
				SWIFT_VERSION = 4.0;
				TARGETED_DEVICE_FAMILY = "1,2";
				TEST_TARGET_NAME = MeetingRooms;
			};
			name = Debug;
		};
		3BFDEC0D20857B7C00ECCA92 /* Release */ = {
			isa = XCBuildConfiguration;
			buildSettings = {
				ALWAYS_EMBED_SWIFT_STANDARD_LIBRARIES = YES;
				CODE_SIGN_STYLE = Automatic;
				INFOPLIST_FILE = MeetingRoomsUITests/Info.plist;
				LD_RUNPATH_SEARCH_PATHS = (
					"$(inherited)",
					"@executable_path/Frameworks",
					"@loader_path/Frameworks",
				);
				PRODUCT_BUNDLE_IDENTIFIER = com.cordershigh.MeetingRoomsUITests;
				PRODUCT_NAME = "$(TARGET_NAME)";
				SWIFT_VERSION = 4.0;
				TARGETED_DEVICE_FAMILY = "1,2";
				TEST_TARGET_NAME = MeetingRooms;
			};
			name = Release;
		};
/* End XCBuildConfiguration section */

/* Begin XCConfigurationList section */
		3BFDEBD820857B7900ECCA92 /* Build configuration list for PBXProject "MeetingRooms" */ = {
			isa = XCConfigurationList;
			buildConfigurations = (
				3BFDEC0320857B7B00ECCA92 /* Debug */,
				3BFDEC0420857B7B00ECCA92 /* Release */,
			);
			defaultConfigurationIsVisible = 0;
			defaultConfigurationName = Release;
		};
		3BFDEC0520857B7B00ECCA92 /* Build configuration list for PBXNativeTarget "MeetingRooms" */ = {
			isa = XCConfigurationList;
			buildConfigurations = (
				3BFDEC0620857B7B00ECCA92 /* Debug */,
				3BFDEC0720857B7B00ECCA92 /* Release */,
			);
			defaultConfigurationIsVisible = 0;
			defaultConfigurationName = Release;
		};
		3BFDEC0820857B7C00ECCA92 /* Build configuration list for PBXNativeTarget "MeetingRoomsTests" */ = {
			isa = XCConfigurationList;
			buildConfigurations = (
				3BFDEC0920857B7C00ECCA92 /* Debug */,
				3BFDEC0A20857B7C00ECCA92 /* Release */,
			);
			defaultConfigurationIsVisible = 0;
			defaultConfigurationName = Release;
		};
		3BFDEC0B20857B7C00ECCA92 /* Build configuration list for PBXNativeTarget "MeetingRoomsUITests" */ = {
			isa = XCConfigurationList;
			buildConfigurations = (
				3BFDEC0C20857B7C00ECCA92 /* Debug */,
				3BFDEC0D20857B7C00ECCA92 /* Release */,
			);
			defaultConfigurationIsVisible = 0;
			defaultConfigurationName = Release;
		};
/* End XCConfigurationList section */
	};
	rootObject = 3BFDEBD520857B7900ECCA92 /* Project object */;
}
