// !$*UTF8*$!
{
	archiveVersion = 1;
	classes = {
	};
	objectVersion = 50;
	objects = {

/* Begin PBXBuildFile section */
		3B5A8CA120997EE300F5BE89 /* AppDelegate.swift in Sources */ = {isa = PBXBuildFile; fileRef = 3B5A8CA020997EE300F5BE89 /* AppDelegate.swift */; };
		3B5A8CA320997EE300F5BE89 /* ViewController.swift in Sources */ = {isa = PBXBuildFile; fileRef = 3B5A8CA220997EE300F5BE89 /* ViewController.swift */; };
		3B5A8CA620997EE300F5BE89 /* Main.storyboard in Resources */ = {isa = PBXBuildFile; fileRef = 3B5A8CA420997EE300F5BE89 /* Main.storyboard */; };
		3B5A8CA820997EE600F5BE89 /* Assets.xcassets in Resources */ = {isa = PBXBuildFile; fileRef = 3B5A8CA720997EE600F5BE89 /* Assets.xcassets */; };
		3B5A8CAB20997EE600F5BE89 /* LaunchScreen.storyboard in Resources */ = {isa = PBXBuildFile; fileRef = 3B5A8CA920997EE600F5BE89 /* LaunchScreen.storyboard */; };
		3B5A8CB620997EE600F5BE89 /* homework1Tests.swift in Sources */ = {isa = PBXBuildFile; fileRef = 3B5A8CB520997EE600F5BE89 /* homework1Tests.swift */; };
		3B5A8CC120997EE600F5BE89 /* homework1UITests.swift in Sources */ = {isa = PBXBuildFile; fileRef = 3B5A8CC020997EE600F5BE89 /* homework1UITests.swift */; };
		3B5A8CCF20997FC500F5BE89 /* iosTim.swift in Sources */ = {isa = PBXBuildFile; fileRef = 3B5A8CCE20997FC500F5BE89 /* iosTim.swift */; };
/* End PBXBuildFile section */

/* Begin PBXContainerItemProxy section */
		3B5A8CB220997EE600F5BE89 /* PBXContainerItemProxy */ = {
			isa = PBXContainerItemProxy;
			containerPortal = 3B5A8C9520997EE300F5BE89 /* Project object */;
			proxyType = 1;
			remoteGlobalIDString = 3B5A8C9C20997EE300F5BE89;
			remoteInfo = homework1;
		};
		3B5A8CBD20997EE600F5BE89 /* PBXContainerItemProxy */ = {
			isa = PBXContainerItemProxy;
			containerPortal = 3B5A8C9520997EE300F5BE89 /* Project object */;
			proxyType = 1;
			remoteGlobalIDString = 3B5A8C9C20997EE300F5BE89;
			remoteInfo = homework1;
		};
/* End PBXContainerItemProxy section */

/* Begin PBXFileReference section */
		3B5A8C9D20997EE300F5BE89 /* homework1.app */ = {isa = PBXFileReference; explicitFileType = wrapper.application; includeInIndex = 0; path = homework1.app; sourceTree = BUILT_PRODUCTS_DIR; };
		3B5A8CA020997EE300F5BE89 /* AppDelegate.swift */ = {isa = PBXFileReference; lastKnownFileType = sourcecode.swift; path = AppDelegate.swift; sourceTree = "<group>"; };
		3B5A8CA220997EE300F5BE89 /* ViewController.swift */ = {isa = PBXFileReference; lastKnownFileType = sourcecode.swift; path = ViewController.swift; sourceTree = "<group>"; };
		3B5A8CA520997EE300F5BE89 /* Base */ = {isa = PBXFileReference; lastKnownFileType = file.storyboard; name = Base; path = Base.lproj/Main.storyboard; sourceTree = "<group>"; };
		3B5A8CA720997EE600F5BE89 /* Assets.xcassets */ = {isa = PBXFileReference; lastKnownFileType = folder.assetcatalog; path = Assets.xcassets; sourceTree = "<group>"; };
		3B5A8CAA20997EE600F5BE89 /* Base */ = {isa = PBXFileReference; lastKnownFileType = file.storyboard; name = Base; path = Base.lproj/LaunchScreen.storyboard; sourceTree = "<group>"; };
		3B5A8CAC20997EE600F5BE89 /* Info.plist */ = {isa = PBXFileReference; lastKnownFileType = text.plist.xml; path = Info.plist; sourceTree = "<group>"; };
		3B5A8CB120997EE600F5BE89 /* homework1Tests.xctest */ = {isa = PBXFileReference; explicitFileType = wrapper.cfbundle; includeInIndex = 0; path = homework1Tests.xctest; sourceTree = BUILT_PRODUCTS_DIR; };
		3B5A8CB520997EE600F5BE89 /* homework1Tests.swift */ = {isa = PBXFileReference; lastKnownFileType = sourcecode.swift; path = homework1Tests.swift; sourceTree = "<group>"; };
		3B5A8CB720997EE600F5BE89 /* Info.plist */ = {isa = PBXFileReference; lastKnownFileType = text.plist.xml; path = Info.plist; sourceTree = "<group>"; };
		3B5A8CBC20997EE600F5BE89 /* homework1UITests.xctest */ = {isa = PBXFileReference; explicitFileType = wrapper.cfbundle; includeInIndex = 0; path = homework1UITests.xctest; sourceTree = BUILT_PRODUCTS_DIR; };
		3B5A8CC020997EE600F5BE89 /* homework1UITests.swift */ = {isa = PBXFileReference; lastKnownFileType = sourcecode.swift; path = homework1UITests.swift; sourceTree = "<group>"; };
		3B5A8CC220997EE600F5BE89 /* Info.plist */ = {isa = PBXFileReference; lastKnownFileType = text.plist.xml; path = Info.plist; sourceTree = "<group>"; };
		3B5A8CCE20997FC500F5BE89 /* iosTim.swift */ = {isa = PBXFileReference; lastKnownFileType = sourcecode.swift; path = iosTim.swift; sourceTree = "<group>"; };
/* End PBXFileReference section */

/* Begin PBXFrameworksBuildPhase section */
		3B5A8C9A20997EE300F5BE89 /* Frameworks */ = {
			isa = PBXFrameworksBuildPhase;
			buildActionMask = 2147483647;
			files = (
			);
			runOnlyForDeploymentPostprocessing = 0;
		};
		3B5A8CAE20997EE600F5BE89 /* Frameworks */ = {
			isa = PBXFrameworksBuildPhase;
			buildActionMask = 2147483647;
			files = (
			);
			runOnlyForDeploymentPostprocessing = 0;
		};
		3B5A8CB920997EE600F5BE89 /* Frameworks */ = {
			isa = PBXFrameworksBuildPhase;
			buildActionMask = 2147483647;
			files = (
			);
			runOnlyForDeploymentPostprocessing = 0;
		};
/* End PBXFrameworksBuildPhase section */

/* Begin PBXGroup section */
		3B5A8C9420997EE300F5BE89 = {
			isa = PBXGroup;
			children = (
				3B5A8C9F20997EE300F5BE89 /* homework1 */,
				3B5A8CB420997EE600F5BE89 /* homework1Tests */,
				3B5A8CBF20997EE600F5BE89 /* homework1UITests */,
				3B5A8C9E20997EE300F5BE89 /* Products */,
			);
			sourceTree = "<group>";
		};
		3B5A8C9E20997EE300F5BE89 /* Products */ = {
			isa = PBXGroup;
			children = (
				3B5A8C9D20997EE300F5BE89 /* homework1.app */,
				3B5A8CB120997EE600F5BE89 /* homework1Tests.xctest */,
				3B5A8CBC20997EE600F5BE89 /* homework1UITests.xctest */,
			);
			name = Products;
			sourceTree = "<group>";
		};
		3B5A8C9F20997EE300F5BE89 /* homework1 */ = {
			isa = PBXGroup;
			children = (
				3B5A8CA020997EE300F5BE89 /* AppDelegate.swift */,
				3B5A8CA220997EE300F5BE89 /* ViewController.swift */,
				3B5A8CA420997EE300F5BE89 /* Main.storyboard */,
				3B5A8CCE20997FC500F5BE89 /* iosTim.swift */,
				3B5A8CA720997EE600F5BE89 /* Assets.xcassets */,
				3B5A8CA920997EE600F5BE89 /* LaunchScreen.storyboard */,
				3B5A8CAC20997EE600F5BE89 /* Info.plist */,
			);
			path = homework1;
			sourceTree = "<group>";
		};
		3B5A8CB420997EE600F5BE89 /* homework1Tests */ = {
			isa = PBXGroup;
			children = (
				3B5A8CB520997EE600F5BE89 /* homework1Tests.swift */,
				3B5A8CB720997EE600F5BE89 /* Info.plist */,
			);
			path = homework1Tests;
			sourceTree = "<group>";
		};
		3B5A8CBF20997EE600F5BE89 /* homework1UITests */ = {
			isa = PBXGroup;
			children = (
				3B5A8CC020997EE600F5BE89 /* homework1UITests.swift */,
				3B5A8CC220997EE600F5BE89 /* Info.plist */,
			);
			path = homework1UITests;
			sourceTree = "<group>";
		};
/* End PBXGroup section */

/* Begin PBXNativeTarget section */
		3B5A8C9C20997EE300F5BE89 /* homework1 */ = {
			isa = PBXNativeTarget;
			buildConfigurationList = 3B5A8CC520997EE600F5BE89 /* Build configuration list for PBXNativeTarget "homework1" */;
			buildPhases = (
				3B5A8C9920997EE300F5BE89 /* Sources */,
				3B5A8C9A20997EE300F5BE89 /* Frameworks */,
				3B5A8C9B20997EE300F5BE89 /* Resources */,
			);
			buildRules = (
			);
			dependencies = (
			);
			name = homework1;
			productName = homework1;
			productReference = 3B5A8C9D20997EE300F5BE89 /* homework1.app */;
			productType = "com.apple.product-type.application";
		};
		3B5A8CB020997EE600F5BE89 /* homework1Tests */ = {
			isa = PBXNativeTarget;
			buildConfigurationList = 3B5A8CC820997EE600F5BE89 /* Build configuration list for PBXNativeTarget "homework1Tests" */;
			buildPhases = (
				3B5A8CAD20997EE600F5BE89 /* Sources */,
				3B5A8CAE20997EE600F5BE89 /* Frameworks */,
				3B5A8CAF20997EE600F5BE89 /* Resources */,
			);
			buildRules = (
			);
			dependencies = (
				3B5A8CB320997EE600F5BE89 /* PBXTargetDependency */,
			);
			name = homework1Tests;
			productName = homework1Tests;
			productReference = 3B5A8CB120997EE600F5BE89 /* homework1Tests.xctest */;
			productType = "com.apple.product-type.bundle.unit-test";
		};
		3B5A8CBB20997EE600F5BE89 /* homework1UITests */ = {
			isa = PBXNativeTarget;
			buildConfigurationList = 3B5A8CCB20997EE600F5BE89 /* Build configuration list for PBXNativeTarget "homework1UITests" */;
			buildPhases = (
				3B5A8CB820997EE600F5BE89 /* Sources */,
				3B5A8CB920997EE600F5BE89 /* Frameworks */,
				3B5A8CBA20997EE600F5BE89 /* Resources */,
			);
			buildRules = (
			);
			dependencies = (
				3B5A8CBE20997EE600F5BE89 /* PBXTargetDependency */,
			);
			name = homework1UITests;
			productName = homework1UITests;
			productReference = 3B5A8CBC20997EE600F5BE89 /* homework1UITests.xctest */;
			productType = "com.apple.product-type.bundle.ui-testing";
		};
/* End PBXNativeTarget section */

/* Begin PBXProject section */
		3B5A8C9520997EE300F5BE89 /* Project object */ = {
			isa = PBXProject;
			attributes = {
				LastSwiftUpdateCheck = 0930;
				LastUpgradeCheck = 0930;
				ORGANIZATIONNAME = "YunHee Lee";
				TargetAttributes = {
					3B5A8C9C20997EE300F5BE89 = {
						CreatedOnToolsVersion = 9.3;
					};
					3B5A8CB020997EE600F5BE89 = {
						CreatedOnToolsVersion = 9.3;
						TestTargetID = 3B5A8C9C20997EE300F5BE89;
					};
					3B5A8CBB20997EE600F5BE89 = {
						CreatedOnToolsVersion = 9.3;
						TestTargetID = 3B5A8C9C20997EE300F5BE89;
					};
				};
			};
			buildConfigurationList = 3B5A8C9820997EE300F5BE89 /* Build configuration list for PBXProject "homework1" */;
			compatibilityVersion = "Xcode 9.3";
			developmentRegion = en;
			hasScannedForEncodings = 0;
			knownRegions = (
				en,
				Base,
			);
			mainGroup = 3B5A8C9420997EE300F5BE89;
			productRefGroup = 3B5A8C9E20997EE300F5BE89 /* Products */;
			projectDirPath = "";
			projectRoot = "";
			targets = (
				3B5A8C9C20997EE300F5BE89 /* homework1 */,
				3B5A8CB020997EE600F5BE89 /* homework1Tests */,
				3B5A8CBB20997EE600F5BE89 /* homework1UITests */,
			);
		};
/* End PBXProject section */

/* Begin PBXResourcesBuildPhase section */
		3B5A8C9B20997EE300F5BE89 /* Resources */ = {
			isa = PBXResourcesBuildPhase;
			buildActionMask = 2147483647;
			files = (
				3B5A8CAB20997EE600F5BE89 /* LaunchScreen.storyboard in Resources */,
				3B5A8CA820997EE600F5BE89 /* Assets.xcassets in Resources */,
				3B5A8CA620997EE300F5BE89 /* Main.storyboard in Resources */,
			);
			runOnlyForDeploymentPostprocessing = 0;
		};
		3B5A8CAF20997EE600F5BE89 /* Resources */ = {
			isa = PBXResourcesBuildPhase;
			buildActionMask = 2147483647;
			files = (
			);
			runOnlyForDeploymentPostprocessing = 0;
		};
		3B5A8CBA20997EE600F5BE89 /* Resources */ = {
			isa = PBXResourcesBuildPhase;
			buildActionMask = 2147483647;
			files = (
			);
			runOnlyForDeploymentPostprocessing = 0;
		};
/* End PBXResourcesBuildPhase section */

/* Begin PBXSourcesBuildPhase section */
		3B5A8C9920997EE300F5BE89 /* Sources */ = {
			isa = PBXSourcesBuildPhase;
			buildActionMask = 2147483647;
			files = (
				3B5A8CA320997EE300F5BE89 /* ViewController.swift in Sources */,
				3B5A8CA120997EE300F5BE89 /* AppDelegate.swift in Sources */,
				3B5A8CCF20997FC500F5BE89 /* iosTim.swift in Sources */,
			);
			runOnlyForDeploymentPostprocessing = 0;
		};
		3B5A8CAD20997EE600F5BE89 /* Sources */ = {
			isa = PBXSourcesBuildPhase;
			buildActionMask = 2147483647;
			files = (
				3B5A8CB620997EE600F5BE89 /* homework1Tests.swift in Sources */,
			);
			runOnlyForDeploymentPostprocessing = 0;
		};
		3B5A8CB820997EE600F5BE89 /* Sources */ = {
			isa = PBXSourcesBuildPhase;
			buildActionMask = 2147483647;
			files = (
				3B5A8CC120997EE600F5BE89 /* homework1UITests.swift in Sources */,
			);
			runOnlyForDeploymentPostprocessing = 0;
		};
/* End PBXSourcesBuildPhase section */

/* Begin PBXTargetDependency section */
		3B5A8CB320997EE600F5BE89 /* PBXTargetDependency */ = {
			isa = PBXTargetDependency;
			target = 3B5A8C9C20997EE300F5BE89 /* homework1 */;
			targetProxy = 3B5A8CB220997EE600F5BE89 /* PBXContainerItemProxy */;
		};
		3B5A8CBE20997EE600F5BE89 /* PBXTargetDependency */ = {
			isa = PBXTargetDependency;
			target = 3B5A8C9C20997EE300F5BE89 /* homework1 */;
			targetProxy = 3B5A8CBD20997EE600F5BE89 /* PBXContainerItemProxy */;
		};
/* End PBXTargetDependency section */

/* Begin PBXVariantGroup section */
		3B5A8CA420997EE300F5BE89 /* Main.storyboard */ = {
			isa = PBXVariantGroup;
			children = (
				3B5A8CA520997EE300F5BE89 /* Base */,
			);
			name = Main.storyboard;
			sourceTree = "<group>";
		};
		3B5A8CA920997EE600F5BE89 /* LaunchScreen.storyboard */ = {
			isa = PBXVariantGroup;
			children = (
				3B5A8CAA20997EE600F5BE89 /* Base */,
			);
			name = LaunchScreen.storyboard;
			sourceTree = "<group>";
		};
/* End PBXVariantGroup section */

/* Begin XCBuildConfiguration section */
		3B5A8CC320997EE600F5BE89 /* Debug */ = {
			isa = XCBuildConfiguration;
			buildSettings = {
				ALWAYS_SEARCH_USER_PATHS = NO;
				CLANG_ANALYZER_NONNULL = YES;
				CLANG_ANALYZER_NUMBER_OBJECT_CONVERSION = YES_AGGRESSIVE;
				CLANG_CXX_LANGUAGE_STANDARD = "gnu++14";
				CLANG_CXX_LIBRARY = "libc++";
				CLANG_ENABLE_MODULES = YES;
				CLANG_ENABLE_OBJC_ARC = YES;
				CLANG_ENABLE_OBJC_WEAK = YES;
				CLANG_WARN_BLOCK_CAPTURE_AUTORELEASING = YES;
				CLANG_WARN_BOOL_CONVERSION = YES;
				CLANG_WARN_COMMA = YES;
				CLANG_WARN_CONSTANT_CONVERSION = YES;
				CLANG_WARN_DEPRECATED_OBJC_IMPLEMENTATIONS = YES;
				CLANG_WARN_DIRECT_OBJC_ISA_USAGE = YES_ERROR;
				CLANG_WARN_DOCUMENTATION_COMMENTS = YES;
				CLANG_WARN_EMPTY_BODY = YES;
				CLANG_WARN_ENUM_CONVERSION = YES;
				CLANG_WARN_INFINITE_RECURSION = YES;
				CLANG_WARN_INT_CONVERSION = YES;
				CLANG_WARN_NON_LITERAL_NULL_CONVERSION = YES;
				CLANG_WARN_OBJC_IMPLICIT_RETAIN_SELF = YES;
				CLANG_WARN_OBJC_LITERAL_CONVERSION = YES;
				CLANG_WARN_OBJC_ROOT_CLASS = YES_ERROR;
				CLANG_WARN_RANGE_LOOP_ANALYSIS = YES;
				CLANG_WARN_STRICT_PROTOTYPES = YES;
				CLANG_WARN_SUSPICIOUS_MOVE = YES;
				CLANG_WARN_UNGUARDED_AVAILABILITY = YES_AGGRESSIVE;
				CLANG_WARN_UNREACHABLE_CODE = YES;
				CLANG_WARN__DUPLICATE_METHOD_MATCH = YES;
				CODE_SIGN_IDENTITY = "iPhone Developer";
				COPY_PHASE_STRIP = NO;
				DEBUG_INFORMATION_FORMAT = dwarf;
				ENABLE_STRICT_OBJC_MSGSEND = YES;
				ENABLE_TESTABILITY = YES;
				GCC_C_LANGUAGE_STANDARD = gnu11;
				GCC_DYNAMIC_NO_PIC = NO;
				GCC_NO_COMMON_BLOCKS = YES;
				GCC_OPTIMIZATION_LEVEL = 0;
				GCC_PREPROCESSOR_DEFINITIONS = (
					"DEBUG=1",
					"$(inherited)",
				);
				GCC_WARN_64_TO_32_BIT_CONVERSION = YES;
				GCC_WARN_ABOUT_RETURN_TYPE = YES_ERROR;
				GCC_WARN_UNDECLARED_SELECTOR = YES;
				GCC_WARN_UNINITIALIZED_AUTOS = YES_AGGRESSIVE;
				GCC_WARN_UNUSED_FUNCTION = YES;
				GCC_WARN_UNUSED_VARIABLE = YES;
				IPHONEOS_DEPLOYMENT_TARGET = 11.3;
				MTL_ENABLE_DEBUG_INFO = YES;
				ONLY_ACTIVE_ARCH = YES;
				SDKROOT = iphoneos;
				SWIFT_ACTIVE_COMPILATION_CONDITIONS = DEBUG;
				SWIFT_OPTIMIZATION_LEVEL = "-Onone";
			};
			name = Debug;
		};
		3B5A8CC420997EE600F5BE89 /* Release */ = {
			isa = XCBuildConfiguration;
			buildSettings = {
				ALWAYS_SEARCH_USER_PATHS = NO;
				CLANG_ANALYZER_NONNULL = YES;
				CLANG_ANALYZER_NUMBER_OBJECT_CONVERSION = YES_AGGRESSIVE;
				CLANG_CXX_LANGUAGE_STANDARD = "gnu++14";
				CLANG_CXX_LIBRARY = "libc++";
				CLANG_ENABLE_MODULES = YES;
				CLANG_ENABLE_OBJC_ARC = YES;
				CLANG_ENABLE_OBJC_WEAK = YES;
				CLANG_WARN_BLOCK_CAPTURE_AUTORELEASING = YES;
				CLANG_WARN_BOOL_CONVERSION = YES;
				CLANG_WARN_COMMA = YES;
				CLANG_WARN_CONSTANT_CONVERSION = YES;
				CLANG_WARN_DEPRECATED_OBJC_IMPLEMENTATIONS = YES;
				CLANG_WARN_DIRECT_OBJC_ISA_USAGE = YES_ERROR;
				CLANG_WARN_DOCUMENTATION_COMMENTS = YES;
				CLANG_WARN_EMPTY_BODY = YES;
				CLANG_WARN_ENUM_CONVERSION = YES;
				CLANG_WARN_INFINITE_RECURSION = YES;
				CLANG_WARN_INT_CONVERSION = YES;
				CLANG_WARN_NON_LITERAL_NULL_CONVERSION = YES;
				CLANG_WARN_OBJC_IMPLICIT_RETAIN_SELF = YES;
				CLANG_WARN_OBJC_LITERAL_CONVERSION = YES;
				CLANG_WARN_OBJC_ROOT_CLASS = YES_ERROR;
				CLANG_WARN_RANGE_LOOP_ANALYSIS = YES;
				CLANG_WARN_STRICT_PROTOTYPES = YES;
				CLANG_WARN_SUSPICIOUS_MOVE = YES;
				CLANG_WARN_UNGUARDED_AVAILABILITY = YES_AGGRESSIVE;
				CLANG_WARN_UNREACHABLE_CODE = YES;
				CLANG_WARN__DUPLICATE_METHOD_MATCH = YES;
				CODE_SIGN_IDENTITY = "iPhone Developer";
				COPY_PHASE_STRIP = NO;
				DEBUG_INFORMATION_FORMAT = "dwarf-with-dsym";
				ENABLE_NS_ASSERTIONS = NO;
				ENABLE_STRICT_OBJC_MSGSEND = YES;
				GCC_C_LANGUAGE_STANDARD = gnu11;
				GCC_NO_COMMON_BLOCKS = YES;
				GCC_WARN_64_TO_32_BIT_CONVERSION = YES;
				GCC_WARN_ABOUT_RETURN_TYPE = YES_ERROR;
				GCC_WARN_UNDECLARED_SELECTOR = YES;
				GCC_WARN_UNINITIALIZED_AUTOS = YES_AGGRESSIVE;
				GCC_WARN_UNUSED_FUNCTION = YES;
				GCC_WARN_UNUSED_VARIABLE = YES;
				IPHONEOS_DEPLOYMENT_TARGET = 11.3;
				MTL_ENABLE_DEBUG_INFO = NO;
				SDKROOT = iphoneos;
				SWIFT_COMPILATION_MODE = wholemodule;
				SWIFT_OPTIMIZATION_LEVEL = "-O";
				VALIDATE_PRODUCT = YES;
			};
			name = Release;
		};
		3B5A8CC620997EE600F5BE89 /* Debug */ = {
			isa = XCBuildConfiguration;
			buildSettings = {
				ASSETCATALOG_COMPILER_APPICON_NAME = AppIcon;
				CODE_SIGN_STYLE = Automatic;
				INFOPLIST_FILE = homework1/Info.plist;
				LD_RUNPATH_SEARCH_PATHS = (
					"$(inherited)",
					"@executable_path/Frameworks",
				);
				PRODUCT_BUNDLE_IDENTIFIER = com.cordershigh.homework1;
				PRODUCT_NAME = "$(TARGET_NAME)";
				SWIFT_VERSION = 4.0;
				TARGETED_DEVICE_FAMILY = "1,2";
			};
			name = Debug;
		};
		3B5A8CC720997EE600F5BE89 /* Release */ = {
			isa = XCBuildConfiguration;
			buildSettings = {
				ASSETCATALOG_COMPILER_APPICON_NAME = AppIcon;
				CODE_SIGN_STYLE = Automatic;
				INFOPLIST_FILE = homework1/Info.plist;
				LD_RUNPATH_SEARCH_PATHS = (
					"$(inherited)",
					"@executable_path/Frameworks",
				);
				PRODUCT_BUNDLE_IDENTIFIER = com.cordershigh.homework1;
				PRODUCT_NAME = "$(TARGET_NAME)";
				SWIFT_VERSION = 4.0;
				TARGETED_DEVICE_FAMILY = "1,2";
			};
			name = Release;
		};
		3B5A8CC920997EE600F5BE89 /* Debug */ = {
			isa = XCBuildConfiguration;
			buildSettings = {
				ALWAYS_EMBED_SWIFT_STANDARD_LIBRARIES = YES;
				BUNDLE_LOADER = "$(TEST_HOST)";
				CODE_SIGN_STYLE = Automatic;
				INFOPLIST_FILE = homework1Tests/Info.plist;
				LD_RUNPATH_SEARCH_PATHS = (
					"$(inherited)",
					"@executable_path/Frameworks",
					"@loader_path/Frameworks",
				);
				PRODUCT_BUNDLE_IDENTIFIER = com.cordershigh.homework1Tests;
				PRODUCT_NAME = "$(TARGET_NAME)";
				SWIFT_VERSION = 4.0;
				TARGETED_DEVICE_FAMILY = "1,2";
				TEST_HOST = "$(BUILT_PRODUCTS_DIR)/homework1.app/homework1";
			};
			name = Debug;
		};
		3B5A8CCA20997EE600F5BE89 /* Release */ = {
			isa = XCBuildConfiguration;
			buildSettings = {
				ALWAYS_EMBED_SWIFT_STANDARD_LIBRARIES = YES;
				BUNDLE_LOADER = "$(TEST_HOST)";
				CODE_SIGN_STYLE = Automatic;
				INFOPLIST_FILE = homework1Tests/Info.plist;
				LD_RUNPATH_SEARCH_PATHS = (
					"$(inherited)",
					"@executable_path/Frameworks",
					"@loader_path/Frameworks",
				);
				PRODUCT_BUNDLE_IDENTIFIER = com.cordershigh.homework1Tests;
				PRODUCT_NAME = "$(TARGET_NAME)";
				SWIFT_VERSION = 4.0;
				TARGETED_DEVICE_FAMILY = "1,2";
				TEST_HOST = "$(BUILT_PRODUCTS_DIR)/homework1.app/homework1";
			};
			name = Release;
		};
		3B5A8CCC20997EE600F5BE89 /* Debug */ = {
			isa = XCBuildConfiguration;
			buildSettings = {
				ALWAYS_EMBED_SWIFT_STANDARD_LIBRARIES = YES;
				CODE_SIGN_STYLE = Automatic;
				INFOPLIST_FILE = homework1UITests/Info.plist;
				LD_RUNPATH_SEARCH_PATHS = (
					"$(inherited)",
					"@executable_path/Frameworks",
					"@loader_path/Frameworks",
				);
				PRODUCT_BUNDLE_IDENTIFIER = com.cordershigh.homework1UITests;
				PRODUCT_NAME = "$(TARGET_NAME)";
				SWIFT_VERSION = 4.0;
				TARGETED_DEVICE_FAMILY = "1,2";
				TEST_TARGET_NAME = homework1;
			};
			name = Debug;
		};
		3B5A8CCD20997EE600F5BE89 /* Release */ = {
			isa = XCBuildConfiguration;
			buildSettings = {
				ALWAYS_EMBED_SWIFT_STANDARD_LIBRARIES = YES;
				CODE_SIGN_STYLE = Automatic;
				INFOPLIST_FILE = homework1UITests/Info.plist;
				LD_RUNPATH_SEARCH_PATHS = (
					"$(inherited)",
					"@executable_path/Frameworks",
					"@loader_path/Frameworks",
				);
				PRODUCT_BUNDLE_IDENTIFIER = com.cordershigh.homework1UITests;
				PRODUCT_NAME = "$(TARGET_NAME)";
				SWIFT_VERSION = 4.0;
				TARGETED_DEVICE_FAMILY = "1,2";
				TEST_TARGET_NAME = homework1;
			};
			name = Release;
		};
/* End XCBuildConfiguration section */

/* Begin XCConfigurationList section */
		3B5A8C9820997EE300F5BE89 /* Build configuration list for PBXProject "homework1" */ = {
			isa = XCConfigurationList;
			buildConfigurations = (
				3B5A8CC320997EE600F5BE89 /* Debug */,
				3B5A8CC420997EE600F5BE89 /* Release */,
			);
			defaultConfigurationIsVisible = 0;
			defaultConfigurationName = Release;
		};
		3B5A8CC520997EE600F5BE89 /* Build configuration list for PBXNativeTarget "homework1" */ = {
			isa = XCConfigurationList;
			buildConfigurations = (
				3B5A8CC620997EE600F5BE89 /* Debug */,
				3B5A8CC720997EE600F5BE89 /* Release */,
			);
			defaultConfigurationIsVisible = 0;
			defaultConfigurationName = Release;
		};
		3B5A8CC820997EE600F5BE89 /* Build configuration list for PBXNativeTarget "homework1Tests" */ = {
			isa = XCConfigurationList;
			buildConfigurations = (
				3B5A8CC920997EE600F5BE89 /* Debug */,
				3B5A8CCA20997EE600F5BE89 /* Release */,
			);
			defaultConfigurationIsVisible = 0;
			defaultConfigurationName = Release;
		};
		3B5A8CCB20997EE600F5BE89 /* Build configuration list for PBXNativeTarget "homework1UITests" */ = {
			isa = XCConfigurationList;
			buildConfigurations = (
				3B5A8CCC20997EE600F5BE89 /* Debug */,
				3B5A8CCD20997EE600F5BE89 /* Release */,
			);
			defaultConfigurationIsVisible = 0;
			defaultConfigurationName = Release;
		};
/* End XCConfigurationList section */
	};
	rootObject = 3B5A8C9520997EE300F5BE89 /* Project object */;
}
